
Microsoft Visual Studio Solution File, Format Version 10.00
# Visual Studio 2008
Project("{FAE04EC0-301F-11D3-BF4B-00C04F79EFBC}") = "NFA-DFA", "NFA-DFA\NFA-DFA.csproj", "{B9A4526A-25C3-45E7-86DD-7122C1170668}"
EndProject
Global
	GlobalSection(SolutionConfigurationPlatforms) = preSolution
		Debug|Any CPU = Debug|Any CPU
		Release|Any CPU = Release|Any CPU
	EndGlobalSection
	GlobalSection(ProjectConfigurationPlatforms) = postSolution
		{B9A4526A-25C3-45E7-86DD-7122C1170668}.Debug|Any CPU.ActiveCfg = Debug|Any CPU
		{B9A4526A-25C3-45E7-86DD-7122C1170668}.Debug|Any CPU.Build.0 = Debug|Any CPU
		{B9A4526A-25C3-45E7-86DD-7122C1170668}.Release|Any CPU.ActiveCfg = Release|Any CPU
		{B9A4526A-25C3-45E7-86DD-7122C1170668}.Release|Any CPU.Build.0 = Release|Any CPU
	EndGlobalSection
	GlobalSection(SolutionProperties) = preSolution
		HideSolutionNode = FALSE
	EndGlobalSection
EndGlobal
